
Microsoft Visual Studio Solution File, Format Version 12.00
# Visual Studio Version 17
VisualStudioVersion = 17.10.34928.147
MinimumVisualStudioVersion = 10.0.40219.1
Project("{FAE04EC0-301F-11D3-BF4B-00C04F79EFBC}") = "Chrono Count 2", "Chrono Count 2\Chrono Count 2.csproj", "{80F98B88-DAE8-48C0-8185-85DFC4CAE81F}"
EndProject
Global
	GlobalSection(SolutionConfigurationPlatforms) = preSolution
		Debug|Any CPU = Debug|Any CPU
		Release|Any CPU = Release|Any CPU
	EndGlobalSection
	GlobalSection(ProjectConfigurationPlatforms) = postSolution
		{80F98B88-DAE8-48C0-8185-85DFC4CAE81F}.Debug|Any CPU.ActiveCfg = Debug|Any CPU
		{80F98B88-DAE8-48C0-8185-85DFC4CAE81F}.Debug|Any CPU.Build.0 = Debug|Any CPU
		{80F98B88-DAE8-48C0-8185-85DFC4CAE81F}.Release|Any CPU.ActiveCfg = Release|Any CPU
		{80F98B88-DAE8-48C0-8185-85DFC4CAE81F}.Release|Any CPU.Build.0 = Release|Any CPU
	EndGlobalSection
	GlobalSection(SolutionProperties) = preSolution
		HideSolutionNode = FALSE
	EndGlobalSection
	GlobalSection(ExtensibilityGlobals) = postSolution
		SolutionGuid = {50EE179E-25B5-46AB-80C1-BB7586528C78}
	EndGlobalSection
EndGlobal
